<?xml version="1.0" encoding="UTF-8" standalone="yes" ?>
<CodeBlocks_project_file>
	<FileVersion major="1" minor="6" />
	<Project>
		<Option title="BinaryWriter" />
		<Option pch_mode="2" />
		<Option compiler="gcc" />
		<Build>
			<Target title="Debug">
				<Option output="bin/Debug/BinaryWriter" prefix_auto="1" extension_auto="1" />
				<Option object_output="obj/Debug/" />
				<Option type="1" />
				<Option compiler="gcc" />
				<Compiler>
					<Add option="-g" />
					<Add directory="LLGL/llgl/include" />
					<Add directory="LLGL/llgl/thirdparty/sdl/include" />
				</Compiler>
				<Linker>
					<Add option="-lmingw32 -lllgl -langle -lSDLimage -lSDL -ljpeg -lpng -lz -lwinmm -lgdi32 -lws2_32" />
					<Add directory="LLGL/llgl/lib" />
				</Linker>
			</Target>
			<Target title="Release">
				<Option output="bin/Release/BinaryWriter" prefix_auto="1" extension_auto="1" />
				<Option object_output="obj/Release/" />
				<Option type="1" />
				<Option compiler="gcc" />
				<Compiler>
					<Add option="-O2" />
				</Compiler>
				<Linker>
					<Add option="-s" />
				</Linker>
			</Target>
		</Build>
		<Compiler>
			<Add option="-Wall" />
			<Add option="-fexceptions" />
		</Compiler>
		<Unit filename="Code/Mesh.cpp" />
		<Unit filename="Code/Mesh.h" />
		<Unit filename="Code/SuperMesh.cpp" />
		<Unit filename="Code/SuperMesh.h" />
		<Unit filename="Code/main.cpp" />
		<Extensions>
			<code_completion />
			<envvars />
			<debugger />
			<lib_finder disable_auto="1" />
		</Extensions>
	</Project>
</CodeBlocks_project_file>
