<?xml version="1.0" encoding="UTF-8" standalone="yes" ?>
<CodeBlocks_project_file>
	<FileVersion major="1" minor="6" />
	<Project>
		<Option title="Lab04" />
		<Option pch_mode="2" />
		<Option compiler="gcc" />
		<Build>
			<Target title="Debug">
				<Option output="bin/Debug/Lab04" prefix_auto="1" extension_auto="1" />
				<Option object_output="obj/Debug/" />
				<Option type="1" />
				<Option compiler="gcc" />
				<Compiler>
					<Add option="-g" />
					<Add directory="llgl/include" />
					<Add directory="llgl/thirdparty/sdl/include" />
					<Add directory="SDL/include/SDL" />
				</Compiler>
				<Linker>
					<Add option="-lmingw32 -lllgl -langle -lSDL_mixer -lSDLimage -lSDL -ljpeg -lpng -lz -lwinmm -lgdi32 -lws2_32" />
					<Add directory="llgl/lib" />
					<Add directory="SDL/lib" />
				</Linker>
			</Target>
			<Target title="Release">
				<Option output="bin/Release/Lab04" prefix_auto="1" extension_auto="1" />
				<Option object_output="obj/Release/" />
				<Option type="1" />
				<Option compiler="gcc" />
				<Compiler>
					<Add option="-O2" />
				</Compiler>
				<Linker>
					<Add option="-s" />
				</Linker>
			</Target>
		</Build>
		<Compiler>
			<Add option="-Wall" />
			<Add option="-fexceptions" />
		</Compiler>
		<Unit filename="Camera.cpp" />
		<Unit filename="Camera.h" />
		<Unit filename="Cannonball.cpp" />
		<Unit filename="Cannonball.h" />
		<Unit filename="Mesh.cpp" />
		<Unit filename="Mesh.h" />
		<Unit filename="MovingObject.h" />
		<Unit filename="Sounds.h" />
		<Unit filename="Submarine.c">
			<Option compilerVar="CC" />
			<Option target="&lt;{~None~}&gt;" />
		</Unit>
		<Unit filename="Submarine.h" />
		<Unit filename="SuperMesh.h" />
		<Unit filename="circle.h" />
		<Unit filename="main.cpp" />
		<Extensions>
			<code_completion />
			<envvars />
			<debugger />
			<lib_finder disable_auto="1" />
		</Extensions>
	</Project>
</CodeBlocks_project_file>
